
Microsoft Visual Studio Solution File, Format Version 12.00
# Visual Studio Version 17
VisualStudioVersion = 17.0.32112.339
MinimumVisualStudioVersion = 10.0.40219.1
Project("{9A19103F-16F7-4668-BE54-9A1E7A4F7556}") = "BlazingTrails.Api", "BlazingTrails.Api\BlazingTrails.Api.csproj", "{8F14DAA7-4C83-43B8-A61B-A2B70E5FE087}"
EndProject
Project("{9A19103F-16F7-4668-BE54-9A1E7A4F7556}") = "BlazingTrails.Client", "BlazingTrails.Client\BlazingTrails.Client.csproj", "{B184E021-375F-42A8-AF35-42434C1A8DDB}"
EndProject
Project("{9A19103F-16F7-4668-BE54-9A1E7A4F7556}") = "BlazingTrails.Shared", "BlazingTrails.Shared\BlazingTrails.Shared.csproj", "{CE3D008F-F184-463A-8DCA-1928B146175E}"
EndProject
Global
	GlobalSection(SolutionConfigurationPlatforms) = preSolution
		Debug|Any CPU = Debug|Any CPU
		Release|Any CPU = Release|Any CPU
	EndGlobalSection
	GlobalSection(ProjectConfigurationPlatforms) = postSolution
		{8F14DAA7-4C83-43B8-A61B-A2B70E5FE087}.Debug|Any CPU.ActiveCfg = Debug|Any CPU
		{8F14DAA7-4C83-43B8-A61B-A2B70E5FE087}.Debug|Any CPU.Build.0 = Debug|Any CPU
		{8F14DAA7-4C83-43B8-A61B-A2B70E5FE087}.Release|Any CPU.ActiveCfg = Release|Any CPU
		{8F14DAA7-4C83-43B8-A61B-A2B70E5FE087}.Release|Any CPU.Build.0 = Release|Any CPU
		{B184E021-375F-42A8-AF35-42434C1A8DDB}.Debug|Any CPU.ActiveCfg = Debug|Any CPU
		{B184E021-375F-42A8-AF35-42434C1A8DDB}.Debug|Any CPU.Build.0 = Debug|Any CPU
		{B184E021-375F-42A8-AF35-42434C1A8DDB}.Release|Any CPU.ActiveCfg = Release|Any CPU
		{B184E021-375F-42A8-AF35-42434C1A8DDB}.Release|Any CPU.Build.0 = Release|Any CPU
		{CE3D008F-F184-463A-8DCA-1928B146175E}.Debug|Any CPU.ActiveCfg = Debug|Any CPU
		{CE3D008F-F184-463A-8DCA-1928B146175E}.Debug|Any CPU.Build.0 = Debug|Any CPU
		{CE3D008F-F184-463A-8DCA-1928B146175E}.Release|Any CPU.ActiveCfg = Release|Any CPU
		{CE3D008F-F184-463A-8DCA-1928B146175E}.Release|Any CPU.Build.0 = Release|Any CPU
	EndGlobalSection
	GlobalSection(SolutionProperties) = preSolution
		HideSolutionNode = FALSE
	EndGlobalSection
	GlobalSection(ExtensibilityGlobals) = postSolution
		SolutionGuid = {A5F0B925-A324-41D9-A74C-7A817F5F7CB4}
	EndGlobalSection
EndGlobal
